
Microsoft Visual Studio Solution File, Format Version 12.00
# Visual Studio Version 16
VisualStudioVersion = 16.0.30523.141
MinimumVisualStudioVersion = 10.0.40219.1
Project("{FAE04EC0-301F-11D3-BF4B-00C04F79EFBC}") = "OOPListsandbjects", "OOPListsandbjects\OOPListsandbjects.csproj", "{FEC04FB9-104B-4EBB-BB2B-DFD814D100A9}"
EndProject
Global
	GlobalSection(SolutionConfigurationPlatforms) = preSolution
		Debug|Any CPU = Debug|Any CPU
		Release|Any CPU = Release|Any CPU
	EndGlobalSection
	GlobalSection(ProjectConfigurationPlatforms) = postSolution
		{FEC04FB9-104B-4EBB-BB2B-DFD814D100A9}.Debug|Any CPU.ActiveCfg = Debug|Any CPU
		{FEC04FB9-104B-4EBB-BB2B-DFD814D100A9}.Debug|Any CPU.Build.0 = Debug|Any CPU
		{FEC04FB9-104B-4EBB-BB2B-DFD814D100A9}.Release|Any CPU.ActiveCfg = Release|Any CPU
		{FEC04FB9-104B-4EBB-BB2B-DFD814D100A9}.Release|Any CPU.Build.0 = Release|Any CPU
	EndGlobalSection
	GlobalSection(SolutionProperties) = preSolution
		HideSolutionNode = FALSE
	EndGlobalSection
	GlobalSection(ExtensibilityGlobals) = postSolution
		SolutionGuid = {D5880B4D-0FFD-4DC7-B2AB-581D572EA5CA}
	EndGlobalSection
EndGlobal
